github.com/DATA-DOG/godog v0.7.13 h1:JmgpKcra7Vf3yzI9vPsWyoQRx13tyKziHtXWDCUUgok=
github.com/DATA-DOG/godog v0.7.13/go.mod h1:z2OZ6a3X0/YAKVqLfVzYBwFt3j6uSt3Xrqa7XTtcQE0=
github.com/kapustkin/go_guard v0.0.0-20191109081013-38ef28aad691 h1:PCW6GETntf8lAGJ8yfCbMj7jfsHTQ/+WTbZUqExNhsA=
github.com/kapustkin/go_guard v0.0.0-20191109081013-38ef28aad691/go.mod h1:ETbH4WDgjRlANADaXF1rJzl5Elyx0QZoxJvFeqXruow=
